
Microsoft Visual Studio Solution File, Format Version 12.00
# Visual Studio Version 16
VisualStudioVersion = 16.0.29209.62
MinimumVisualStudioVersion = 10.0.40219.1
Project("{FAE04EC0-301F-11D3-BF4B-00C04F79EFBC}") = "FunBag", "FunBag\FunBag.csproj", "{CED1A465-7190-42CF-9E92-65B0CAA5F2EF}"
EndProject
Global
	GlobalSection(SolutionConfigurationPlatforms) = preSolution
		Debug|Any CPU = Debug|Any CPU
		Release|Any CPU = Release|Any CPU
	EndGlobalSection
	GlobalSection(ProjectConfigurationPlatforms) = postSolution
		{CED1A465-7190-42CF-9E92-65B0CAA5F2EF}.Debug|Any CPU.ActiveCfg = Debug|Any CPU
		{CED1A465-7190-42CF-9E92-65B0CAA5F2EF}.Debug|Any CPU.Build.0 = Debug|Any CPU
		{CED1A465-7190-42CF-9E92-65B0CAA5F2EF}.Release|Any CPU.ActiveCfg = Release|Any CPU
		{CED1A465-7190-42CF-9E92-65B0CAA5F2EF}.Release|Any CPU.Build.0 = Release|Any CPU
	EndGlobalSection
	GlobalSection(SolutionProperties) = preSolution
		HideSolutionNode = FALSE
	EndGlobalSection
	GlobalSection(ExtensibilityGlobals) = postSolution
		SolutionGuid = {E6F45A24-32C2-4C20-9F3D-6424E014BE14}
	EndGlobalSection
EndGlobal
